
Microsoft Visual Studio Solution File, Format Version 12.00
# Visual Studio Version 17
VisualStudioVersion = 17.8.34601.278
MinimumVisualStudioVersion = 10.0.40219.1
Project("{FAE04EC0-301F-11D3-BF4B-00C04F79EFBC}") = "FINAL_PROJECT_CAPSTONE_SERVER", "FINAL_PROJECT_CAPSTONE_SERVER\FINAL_PROJECT_CAPSTONE_SERVER.csproj", "{508F084C-653B-471D-966E-428A7691ECF3}"
EndProject
Global
	GlobalSection(SolutionConfigurationPlatforms) = preSolution
		Debug|Any CPU = Debug|Any CPU
		Release|Any CPU = Release|Any CPU
	EndGlobalSection
	GlobalSection(ProjectConfigurationPlatforms) = postSolution
		{508F084C-653B-471D-966E-428A7691ECF3}.Debug|Any CPU.ActiveCfg = Debug|Any CPU
		{508F084C-653B-471D-966E-428A7691ECF3}.Debug|Any CPU.Build.0 = Debug|Any CPU
		{508F084C-653B-471D-966E-428A7691ECF3}.Release|Any CPU.ActiveCfg = Release|Any CPU
		{508F084C-653B-471D-966E-428A7691ECF3}.Release|Any CPU.Build.0 = Release|Any CPU
	EndGlobalSection
	GlobalSection(SolutionProperties) = preSolution
		HideSolutionNode = FALSE
	EndGlobalSection
	GlobalSection(ExtensibilityGlobals) = postSolution
		SolutionGuid = {0FC422AA-FA9C-4A0B-ACFF-8FEF9B5A3C4B}
	EndGlobalSection
EndGlobal
